
Microsoft Visual Studio Solution File, Format Version 12.00
# Visual Studio Version 17
VisualStudioVersion = 17.5.002.0
MinimumVisualStudioVersion = 10.0.40219.1
Project("{9A19103F-16F7-4668-BE54-9A1E7A4F7556}") = "AddressUtilities", "AddressUtilities.csproj", "{F3F0C42A-734B-4343-93CE-2EC21074E6EC}"
EndProject
Global
	GlobalSection(SolutionConfigurationPlatforms) = preSolution
		Debug|Any CPU = Debug|Any CPU
		Release|Any CPU = Release|Any CPU
	EndGlobalSection
	GlobalSection(ProjectConfigurationPlatforms) = postSolution
		{F3F0C42A-734B-4343-93CE-2EC21074E6EC}.Debug|Any CPU.ActiveCfg = Debug|Any CPU
		{F3F0C42A-734B-4343-93CE-2EC21074E6EC}.Debug|Any CPU.Build.0 = Debug|Any CPU
		{F3F0C42A-734B-4343-93CE-2EC21074E6EC}.Release|Any CPU.ActiveCfg = Release|Any CPU
		{F3F0C42A-734B-4343-93CE-2EC21074E6EC}.Release|Any CPU.Build.0 = Release|Any CPU
	EndGlobalSection
	GlobalSection(SolutionProperties) = preSolution
		HideSolutionNode = FALSE
	EndGlobalSection
	GlobalSection(ExtensibilityGlobals) = postSolution
		SolutionGuid = {B13FB929-BFEF-4137-907B-71BD7A91F5C1}
	EndGlobalSection
EndGlobal
