
Microsoft Visual Studio Solution File, Format Version 12.00
# Visual Studio Version 17
VisualStudioVersion = 17.5.002.0
MinimumVisualStudioVersion = 10.0.40219.1
Project("{9A19103F-16F7-4668-BE54-9A1E7A4F7556}") = "PatternsDemo", "PatternsDemo.csproj", "{89BC815E-6791-485C-AF2D-962C3C53D71A}"
EndProject
Global
	GlobalSection(SolutionConfigurationPlatforms) = preSolution
		Debug|Any CPU = Debug|Any CPU
		Release|Any CPU = Release|Any CPU
	EndGlobalSection
	GlobalSection(ProjectConfigurationPlatforms) = postSolution
		{89BC815E-6791-485C-AF2D-962C3C53D71A}.Debug|Any CPU.ActiveCfg = Debug|Any CPU
		{89BC815E-6791-485C-AF2D-962C3C53D71A}.Debug|Any CPU.Build.0 = Debug|Any CPU
		{89BC815E-6791-485C-AF2D-962C3C53D71A}.Release|Any CPU.ActiveCfg = Release|Any CPU
		{89BC815E-6791-485C-AF2D-962C3C53D71A}.Release|Any CPU.Build.0 = Release|Any CPU
	EndGlobalSection
	GlobalSection(SolutionProperties) = preSolution
		HideSolutionNode = FALSE
	EndGlobalSection
	GlobalSection(ExtensibilityGlobals) = postSolution
		SolutionGuid = {7CAB89D3-749A-4C43-BABE-06D596D01432}
	EndGlobalSection
EndGlobal
